{
    "version": 3,
    "terraform_version": "0.12.29",
    "serial": 1,
    "lineage": "07c8f0e5-5a35-9cf0-d71e-bcbfd972ea60",
    "modules": [
        {
            "path": [
                "root"
            ],
            "outputs": {
                "azurerm_cosmosdb_account_tfer--axelcosmosdb002_id": {
                    "sensitive": false,
                    "type": "string",
                    "value": "/subscriptions/790907ce-38df-431c-9fce-11b9ec68781d/resourceGroups/rg/providers/Microsoft.DocumentDB/databaseAccounts/axelcosmosdb002"
                },
                "azurerm_cosmosdb_sql_container_tfer--movies_id": {
                    "sensitive": false,
                    "type": "string",
                    "value": "/subscriptions/790907ce-38df-431c-9fce-11b9ec68781d/resourceGroups/rg/providers/Microsoft.DocumentDB/databaseAccounts/axelcosmosdb002/databases/sink/containers/movies"
                },
                "azurerm_cosmosdb_sql_database_tfer--sink_id": {
                    "sensitive": false,
                    "type": "string",
                    "value": "/subscriptions/790907ce-38df-431c-9fce-11b9ec68781d/resourceGroups/rg/providers/Microsoft.DocumentDB/databaseAccounts/axelcosmosdb002/databases/sink"
                }
            },
            "resources": {
                "azurerm_cosmosdb_account.tfer--axelcosmosdb002": {
                    "type": "azurerm_cosmosdb_account",
                    "depends_on": [],
                    "primary": {
                        "id": "/subscriptions/790907ce-38df-431c-9fce-11b9ec68781d/resourceGroups/rg/providers/Microsoft.DocumentDB/databaseAccounts/axelcosmosdb002",
                        "attributes": {
                            "analytical_storage_enabled": "false",
                            "capabilities.#": "0",
                            "connection_strings.#": "4",
                            "connection_strings.0": "AccountEndpoint=https://axelcosmosdb002.documents.azure.com:443/;AccountKey=2VcNnHNuqxe9GFepzHYq25gpC3XbgpGvwCyopOXYesbgTWgArU84TNO6I7UUnYM3i0lUKh7aOzrDigUVJeJQCg==;",
                            "connection_strings.1": "AccountEndpoint=https://axelcosmosdb002.documents.azure.com:443/;AccountKey=pMECFtT0TTTyksC0I9bbTOEnexdtTDIx7osZFRNADhFrrmYOtjUZuS4smRwQDGKxTrhlj5o9OXK81oRtWmTIDw==;",
                            "connection_strings.2": "AccountEndpoint=https://axelcosmosdb002.documents.azure.com:443/;AccountKey=tKLrWQGmFZOBxeqQErVDOWUUyteeuQMpwXXdsnOiKyNNnR1vOoLJdIvcO8IOKk92Q69J8Cl806V2jzCMRfTtyQ==;",
                            "connection_strings.3": "AccountEndpoint=https://axelcosmosdb002.documents.azure.com:443/;AccountKey=jCgi8gyQYNAFnJ7ieYLqU2gr2di8DZFjbKoXqEhXpE3T62LMaEzvmPNVt4a2WxiCt9B8NHXkEE96Qd5oyeu46Q==;",
                            "consistency_policy.#": "1",
                            "consistency_policy.0.consistency_level": "Session",
                            "consistency_policy.0.max_interval_in_seconds": "5",
                            "consistency_policy.0.max_staleness_prefix": "100",
                            "enable_automatic_failover": "false",
                            "enable_free_tier": "true",
                            "enable_multiple_write_locations": "false",
                            "endpoint": "https://axelcosmosdb002.documents.azure.com:443/",
                            "geo_location.#": "1",
                            "geo_location.0.failover_priority": "0",
                            "geo_location.0.id": "axelcosmosdb002-eastus",
                            "geo_location.0.location": "eastus",
                            "geo_location.0.prefix": "",
                            "geo_location.0.zone_redundant": "false",
                            "id": "/subscriptions/790907ce-38df-431c-9fce-11b9ec68781d/resourceGroups/rg/providers/Microsoft.DocumentDB/databaseAccounts/axelcosmosdb002",
                            "ip_range_filter": "",
                            "is_virtual_network_filter_enabled": "false",
                            "kind": "GlobalDocumentDB",
                            "location": "eastus",
                            "name": "axelcosmosdb002",
                            "offer_type": "Standard",
                            "primary_key": "2VcNnHNuqxe9GFepzHYq25gpC3XbgpGvwCyopOXYesbgTWgArU84TNO6I7UUnYM3i0lUKh7aOzrDigUVJeJQCg==",
                            "primary_master_key": "2VcNnHNuqxe9GFepzHYq25gpC3XbgpGvwCyopOXYesbgTWgArU84TNO6I7UUnYM3i0lUKh7aOzrDigUVJeJQCg==",
                            "primary_readonly_key": "tKLrWQGmFZOBxeqQErVDOWUUyteeuQMpwXXdsnOiKyNNnR1vOoLJdIvcO8IOKk92Q69J8Cl806V2jzCMRfTtyQ==",
                            "primary_readonly_master_key": "tKLrWQGmFZOBxeqQErVDOWUUyteeuQMpwXXdsnOiKyNNnR1vOoLJdIvcO8IOKk92Q69J8Cl806V2jzCMRfTtyQ==",
                            "public_network_access_enabled": "true",
                            "read_endpoints.#": "1",
                            "read_endpoints.0": "https://axelcosmosdb002-eastus.documents.azure.com:443/",
                            "resource_group_name": "rg",
                            "secondary_key": "pMECFtT0TTTyksC0I9bbTOEnexdtTDIx7osZFRNADhFrrmYOtjUZuS4smRwQDGKxTrhlj5o9OXK81oRtWmTIDw==",
                            "secondary_master_key": "pMECFtT0TTTyksC0I9bbTOEnexdtTDIx7osZFRNADhFrrmYOtjUZuS4smRwQDGKxTrhlj5o9OXK81oRtWmTIDw==",
                            "secondary_readonly_key": "jCgi8gyQYNAFnJ7ieYLqU2gr2di8DZFjbKoXqEhXpE3T62LMaEzvmPNVt4a2WxiCt9B8NHXkEE96Qd5oyeu46Q==",
                            "secondary_readonly_master_key": "jCgi8gyQYNAFnJ7ieYLqU2gr2di8DZFjbKoXqEhXpE3T62LMaEzvmPNVt4a2WxiCt9B8NHXkEE96Qd5oyeu46Q==",
                            "tags.%": "3",
                            "tags.CosmosAccountType": "Non-Production",
                            "tags.defaultExperience": "Core (SQL)",
                            "tags.hidden-cosmos-mmspecial": "",
                            "virtual_network_rule.#": "0",
                            "write_endpoints.#": "1",
                            "write_endpoints.0": "https://axelcosmosdb002-eastus.documents.azure.com:443/"
                        },
                        "meta": {
                            "schema_version": 0
                        },
                        "tainted": false
                    },
                    "deposed": [],
                    "provider": "provider.azurerm"
                },
                "azurerm_cosmosdb_sql_container.tfer--movies": {
                    "type": "azurerm_cosmosdb_sql_container",
                    "depends_on": [],
                    "primary": {
                        "id": "/subscriptions/790907ce-38df-431c-9fce-11b9ec68781d/resourceGroups/rg/providers/Microsoft.DocumentDB/databaseAccounts/axelcosmosdb002/databases/sink/containers/movies",
                        "attributes": {
                            "autoscale_settings.#": "0",
                            "id": "/subscriptions/790907ce-38df-431c-9fce-11b9ec68781d/resourceGroups/rg/providers/Microsoft.DocumentDB/databaseAccounts/axelcosmosdb002/databases/sink/containers/movies",
                            "indexing_policy.#": "0",
                            "unique_key.#": "0"
                        },
                        "meta": {
                            "schema_version": 1
                        },
                        "tainted": false
                    },
                    "deposed": [],
                    "provider": "provider.azurerm"
                },
                "azurerm_cosmosdb_sql_database.tfer--sink": {
                    "type": "azurerm_cosmosdb_sql_database",
                    "depends_on": [],
                    "primary": {
                        "id": "/subscriptions/790907ce-38df-431c-9fce-11b9ec68781d/resourceGroups/rg/providers/Microsoft.DocumentDB/databaseAccounts/axelcosmosdb002/databases/sink",
                        "attributes": {
                            "autoscale_settings.#": "0",
                            "id": "/subscriptions/790907ce-38df-431c-9fce-11b9ec68781d/resourceGroups/rg/providers/Microsoft.DocumentDB/databaseAccounts/axelcosmosdb002/databases/sink"
                        },
                        "meta": {
                            "schema_version": 1
                        },
                        "tainted": false
                    },
                    "deposed": [],
                    "provider": "provider.azurerm"
                }
            },
            "depends_on": []
        }
    ]
}
